
Microsoft Visual Studio Solution File, Format Version 12.00
# Visual Studio Version 17
VisualStudioVersion = 17.6.33829.357
MinimumVisualStudioVersion = 10.0.40219.1
Project("{FAE04EC0-301F-11D3-BF4B-00C04F79EFBC}") = "Admin_Panel", "Admin_Panel.csproj", "{4516805B-BCD9-4EB7-A2C9-0716B03E4549}"
EndProject
Global
	GlobalSection(SolutionConfigurationPlatforms) = preSolution
		Debug|Any CPU = Debug|Any CPU
		Release|Any CPU = Release|Any CPU
	EndGlobalSection
	GlobalSection(ProjectConfigurationPlatforms) = postSolution
		{4516805B-BCD9-4EB7-A2C9-0716B03E4549}.Debug|Any CPU.ActiveCfg = Debug|Any CPU
		{4516805B-BCD9-4EB7-A2C9-0716B03E4549}.Debug|Any CPU.Build.0 = Debug|Any CPU
		{4516805B-BCD9-4EB7-A2C9-0716B03E4549}.Release|Any CPU.ActiveCfg = Release|Any CPU
		{4516805B-BCD9-4EB7-A2C9-0716B03E4549}.Release|Any CPU.Build.0 = Release|Any CPU
	EndGlobalSection
	GlobalSection(SolutionProperties) = preSolution
		HideSolutionNode = FALSE
	EndGlobalSection
	GlobalSection(ExtensibilityGlobals) = postSolution
		SolutionGuid = {DC98415B-439C-4FB3-ACC8-9638C773DBB8}
	EndGlobalSection
EndGlobal
